
Microsoft Visual Studio Solution File, Format Version 12.00
# Visual Studio Version 16
VisualStudioVersion = 16.0.31515.178
MinimumVisualStudioVersion = 10.0.40219.1
Project("{FAE04EC0-301F-11D3-BF4B-00C04F79EFBC}") = "FakeStore", "FakeStore.csproj", "{32A69EF5-16F4-4FB5-B55D-E19E9F7DA6F7}"
EndProject
Global
	GlobalSection(SolutionConfigurationPlatforms) = preSolution
		Debug|Any CPU = Debug|Any CPU
		Release|Any CPU = Release|Any CPU
	EndGlobalSection
	GlobalSection(ProjectConfigurationPlatforms) = postSolution
		{32A69EF5-16F4-4FB5-B55D-E19E9F7DA6F7}.Debug|Any CPU.ActiveCfg = Debug|Any CPU
		{32A69EF5-16F4-4FB5-B55D-E19E9F7DA6F7}.Debug|Any CPU.Build.0 = Debug|Any CPU
		{32A69EF5-16F4-4FB5-B55D-E19E9F7DA6F7}.Release|Any CPU.ActiveCfg = Release|Any CPU
		{32A69EF5-16F4-4FB5-B55D-E19E9F7DA6F7}.Release|Any CPU.Build.0 = Release|Any CPU
	EndGlobalSection
	GlobalSection(SolutionProperties) = preSolution
		HideSolutionNode = FALSE
	EndGlobalSection
	GlobalSection(ExtensibilityGlobals) = postSolution
		SolutionGuid = {DF9F92F0-8D0F-4377-B708-D66BA0DBC42E}
	EndGlobalSection
EndGlobal
